
Microsoft Visual Studio Solution File, Format Version 12.00
# Visual Studio Version 16
VisualStudioVersion = 16.0.29709.97
MinimumVisualStudioVersion = 10.0.40219.1
Project("{FAE04EC0-301F-11D3-BF4B-00C04F79EFBC}") = "DoubleLinkedList", "DoubleLinkedList\DoubleLinkedList.csproj", "{8430F6CD-6774-437F-AB86-AFF9125DB266}"
EndProject
Project("{FAE04EC0-301F-11D3-BF4B-00C04F79EFBC}") = "DoubleLinkedList.Tests", "DoubleLinkedList.Tests\DoubleLinkedList.Tests.csproj", "{52215172-EA94-4237-8273-F8B097230316}"
EndProject
Global
	GlobalSection(SolutionConfigurationPlatforms) = preSolution
		Debug|Any CPU = Debug|Any CPU
		Release|Any CPU = Release|Any CPU
	EndGlobalSection
	GlobalSection(ProjectConfigurationPlatforms) = postSolution
		{8430F6CD-6774-437F-AB86-AFF9125DB266}.Debug|Any CPU.ActiveCfg = Debug|Any CPU
		{8430F6CD-6774-437F-AB86-AFF9125DB266}.Debug|Any CPU.Build.0 = Debug|Any CPU
		{8430F6CD-6774-437F-AB86-AFF9125DB266}.Release|Any CPU.ActiveCfg = Release|Any CPU
		{8430F6CD-6774-437F-AB86-AFF9125DB266}.Release|Any CPU.Build.0 = Release|Any CPU
		{52215172-EA94-4237-8273-F8B097230316}.Debug|Any CPU.ActiveCfg = Debug|Any CPU
		{52215172-EA94-4237-8273-F8B097230316}.Debug|Any CPU.Build.0 = Debug|Any CPU
		{52215172-EA94-4237-8273-F8B097230316}.Release|Any CPU.ActiveCfg = Release|Any CPU
		{52215172-EA94-4237-8273-F8B097230316}.Release|Any CPU.Build.0 = Release|Any CPU
	EndGlobalSection
	GlobalSection(SolutionProperties) = preSolution
		HideSolutionNode = FALSE
	EndGlobalSection
	GlobalSection(ExtensibilityGlobals) = postSolution
		SolutionGuid = {F709FEBC-8DA7-455F-830A-162CE6FFA97E}
	EndGlobalSection
EndGlobal
