
Microsoft Visual Studio Solution File, Format Version 12.00
# Visual Studio Version 16
VisualStudioVersion = 16.0.29613.14
MinimumVisualStudioVersion = 10.0.40219.1
Project("{9A19103F-16F7-4668-BE54-9A1E7A4F7556}") = "LinkedList", "LinkedList\LinkedList.csproj", "{2F0B63C0-C596-492A-B5FB-BBECA9562222}"
EndProject
Project("{9A19103F-16F7-4668-BE54-9A1E7A4F7556}") = "LinkedList.Tests", "LinkedList.Tests\LinkedList.Tests.csproj", "{A39E081A-D1CB-48A4-8056-95DB3BA68CDF}"
EndProject
Global
	GlobalSection(SolutionConfigurationPlatforms) = preSolution
		Debug|Any CPU = Debug|Any CPU
		Release|Any CPU = Release|Any CPU
	EndGlobalSection
	GlobalSection(ProjectConfigurationPlatforms) = postSolution
		{2F0B63C0-C596-492A-B5FB-BBECA9562222}.Debug|Any CPU.ActiveCfg = Debug|Any CPU
		{2F0B63C0-C596-492A-B5FB-BBECA9562222}.Debug|Any CPU.Build.0 = Debug|Any CPU
		{2F0B63C0-C596-492A-B5FB-BBECA9562222}.Release|Any CPU.ActiveCfg = Release|Any CPU
		{2F0B63C0-C596-492A-B5FB-BBECA9562222}.Release|Any CPU.Build.0 = Release|Any CPU
		{A39E081A-D1CB-48A4-8056-95DB3BA68CDF}.Debug|Any CPU.ActiveCfg = Debug|Any CPU
		{A39E081A-D1CB-48A4-8056-95DB3BA68CDF}.Debug|Any CPU.Build.0 = Debug|Any CPU
		{A39E081A-D1CB-48A4-8056-95DB3BA68CDF}.Release|Any CPU.ActiveCfg = Release|Any CPU
		{A39E081A-D1CB-48A4-8056-95DB3BA68CDF}.Release|Any CPU.Build.0 = Release|Any CPU
	EndGlobalSection
	GlobalSection(SolutionProperties) = preSolution
		HideSolutionNode = FALSE
	EndGlobalSection
	GlobalSection(ExtensibilityGlobals) = postSolution
		SolutionGuid = {2A23580E-EFDE-403B-9797-AEF093B5074E}
	EndGlobalSection
EndGlobal
